
Microsoft Visual Studio Solution File, Format Version 12.00
# Visual Studio 2013
VisualStudioVersion = 12.0.21005.1
MinimumVisualStudioVersion = 10.0.40219.1
Project("{FAE04EC0-301F-11D3-BF4B-00C04F79EFBC}") = "_01单词反转", "_01单词反转\_01单词反转.csproj", "{44A1318F-3185-432C-BDA2-8323763BDDCE}"
EndProject
Project("{FAE04EC0-301F-11D3-BF4B-00C04F79EFBC}") = "_02网页下载图片", "_02网页下载图片\_02网页下载图片.csproj", "{38A24CAF-CA2E-4AA0-BF96-B5C79876C6ED}"
EndProject
Project("{FAE04EC0-301F-11D3-BF4B-00C04F79EFBC}") = "_03 委托计算", "_03 委托计算\_03 委托计算.csproj", "{A8510D45-A222-4F22-A07D-6C5FE5334EBB}"
EndProject
Project("{FAE04EC0-301F-11D3-BF4B-00C04F79EFBC}") = "_04序列化", "_04序列化\_04序列化.csproj", "{B3F160A8-7BE1-4CF4-87D0-AB42B1CDFE7B}"
EndProject
Project("{FAE04EC0-301F-11D3-BF4B-00C04F79EFBC}") = "_05资料管理器", "_05资料管理器\_05资料管理器.csproj", "{FF52B339-2E52-40D2-8928-204B03F8D56C}"
EndProject
Project("{FAE04EC0-301F-11D3-BF4B-00C04F79EFBC}") = "_06敏感词案例", "_06敏感词案例\_06敏感词案例.csproj", "{A0E4A709-19DB-42B3-8B16-B08942222928}"
EndProject
Project("{FAE04EC0-301F-11D3-BF4B-00C04F79EFBC}") = "_07集合案例", "_07集合案例\_07集合案例.csproj", "{1BBD0CBD-B9E1-4F31-B718-233AEA74C139}"
EndProject
Global
	GlobalSection(SolutionConfigurationPlatforms) = preSolution
		Debug|Any CPU = Debug|Any CPU
		Release|Any CPU = Release|Any CPU
	EndGlobalSection
	GlobalSection(ProjectConfigurationPlatforms) = postSolution
		{44A1318F-3185-432C-BDA2-8323763BDDCE}.Debug|Any CPU.ActiveCfg = Debug|Any CPU
		{44A1318F-3185-432C-BDA2-8323763BDDCE}.Debug|Any CPU.Build.0 = Debug|Any CPU
		{44A1318F-3185-432C-BDA2-8323763BDDCE}.Release|Any CPU.ActiveCfg = Release|Any CPU
		{44A1318F-3185-432C-BDA2-8323763BDDCE}.Release|Any CPU.Build.0 = Release|Any CPU
		{38A24CAF-CA2E-4AA0-BF96-B5C79876C6ED}.Debug|Any CPU.ActiveCfg = Debug|Any CPU
		{38A24CAF-CA2E-4AA0-BF96-B5C79876C6ED}.Debug|Any CPU.Build.0 = Debug|Any CPU
		{38A24CAF-CA2E-4AA0-BF96-B5C79876C6ED}.Release|Any CPU.ActiveCfg = Release|Any CPU
		{38A24CAF-CA2E-4AA0-BF96-B5C79876C6ED}.Release|Any CPU.Build.0 = Release|Any CPU
		{A8510D45-A222-4F22-A07D-6C5FE5334EBB}.Debug|Any CPU.ActiveCfg = Debug|Any CPU
		{A8510D45-A222-4F22-A07D-6C5FE5334EBB}.Debug|Any CPU.Build.0 = Debug|Any CPU
		{A8510D45-A222-4F22-A07D-6C5FE5334EBB}.Release|Any CPU.ActiveCfg = Release|Any CPU
		{A8510D45-A222-4F22-A07D-6C5FE5334EBB}.Release|Any CPU.Build.0 = Release|Any CPU
		{B3F160A8-7BE1-4CF4-87D0-AB42B1CDFE7B}.Debug|Any CPU.ActiveCfg = Debug|Any CPU
		{B3F160A8-7BE1-4CF4-87D0-AB42B1CDFE7B}.Debug|Any CPU.Build.0 = Debug|Any CPU
		{B3F160A8-7BE1-4CF4-87D0-AB42B1CDFE7B}.Release|Any CPU.ActiveCfg = Release|Any CPU
		{B3F160A8-7BE1-4CF4-87D0-AB42B1CDFE7B}.Release|Any CPU.Build.0 = Release|Any CPU
		{FF52B339-2E52-40D2-8928-204B03F8D56C}.Debug|Any CPU.ActiveCfg = Debug|Any CPU
		{FF52B339-2E52-40D2-8928-204B03F8D56C}.Debug|Any CPU.Build.0 = Debug|Any CPU
		{FF52B339-2E52-40D2-8928-204B03F8D56C}.Release|Any CPU.ActiveCfg = Release|Any CPU
		{FF52B339-2E52-40D2-8928-204B03F8D56C}.Release|Any CPU.Build.0 = Release|Any CPU
		{A0E4A709-19DB-42B3-8B16-B08942222928}.Debug|Any CPU.ActiveCfg = Debug|Any CPU
		{A0E4A709-19DB-42B3-8B16-B08942222928}.Debug|Any CPU.Build.0 = Debug|Any CPU
		{A0E4A709-19DB-42B3-8B16-B08942222928}.Release|Any CPU.ActiveCfg = Release|Any CPU
		{A0E4A709-19DB-42B3-8B16-B08942222928}.Release|Any CPU.Build.0 = Release|Any CPU
		{1BBD0CBD-B9E1-4F31-B718-233AEA74C139}.Debug|Any CPU.ActiveCfg = Debug|Any CPU
		{1BBD0CBD-B9E1-4F31-B718-233AEA74C139}.Debug|Any CPU.Build.0 = Debug|Any CPU
		{1BBD0CBD-B9E1-4F31-B718-233AEA74C139}.Release|Any CPU.ActiveCfg = Release|Any CPU
		{1BBD0CBD-B9E1-4F31-B718-233AEA74C139}.Release|Any CPU.Build.0 = Release|Any CPU
	EndGlobalSection
	GlobalSection(SolutionProperties) = preSolution
		HideSolutionNode = FALSE
	EndGlobalSection
EndGlobal
